{
    "_readme": [
        "This file locks the dependencies of your project to a known state",
        "Read more about it at https://getcomposer.org/doc/01-basic-usage.md#composer-lock-the-lock-file",
        "This file is @generated automatically"
    ],
    "content-hash": "e36905f4f0a1cc0771c20e3ea311824a",
    "packages": [
        {
            "name": "league/csv",
            "version": "9.0.0",
            "source": {
                "type": "git",
                "url": "https://github.com/thephpleague/csv.git",
                "reference": "60ea563773f1c50162a948c44901c93b9a0aee56"
            },
            "dist": {
                "type": "zip",
                "url": "https://api.github.com/repos/thephpleague/csv/zipball/60ea563773f1c50162a948c44901c93b9a0aee56",
                "reference": "60ea563773f1c50162a948c44901c93b9a0aee56",
                "shasum": ""
            },
            "require": {
                "ext-mbstring": "*",
                "php": ">=7.0.10"
            },
            "require-dev": {
                "ext-curl": "*",
                "friendsofphp/php-cs-fixer": "^2.0",
                "phpunit/phpunit": "^6.0"
            },
            "suggest": {
                "ext-iconv": "Needed to ease transcoding CSV using iconv stream filters"
            },
            "type": "library",
            "extra": {
                "branch-alias": {
                    "dev-master": "9.x-dev"
                }
            },
            "autoload": {
                "psr-4": {
                    "League\\Csv\\": "src"
                },
                "files": [
                    "src/functions_include.php"
                ]
            },
            "notification-url": "https://packagist.org/downloads/",
            "license": [
                "MIT"
            ],
            "authors": [
                {
                    "name": "Ignace Nyamagana Butera",
                    "email": "nyamsprod@gmail.com",
                    "homepage": "https://github.com/nyamsprod/",
                    "role": "Developer"
                }
            ],
            "description": "Csv data manipulation made easy in PHP",
            "homepage": "http://csv.thephpleague.com",
            "keywords": [
                "csv",
                "export",
                "filter",
                "import",
                "read",
                "write"
            ],
            "time": "2017-08-18T10:27:55+00:00"
        },
        {
            "name": "slince/upload",
            "version": "1.0.1",
            "source": {
                "type": "git",
                "url": "https://github.com/slince/upload.git",
                "reference": "c54fd3a835b8820fa79201631a159b6a906a7c26"
            },
            "dist": {
                "type": "zip",
                "url": "https://api.github.com/repos/slince/upload/zipball/c54fd3a835b8820fa79201631a159b6a906a7c26",
                "reference": "c54fd3a835b8820fa79201631a159b6a906a7c26",
                "shasum": ""
            },
            "require": {
                "php": ">=5.5.9"
            },
            "require-dev": {
                "phpunit/phpunit": "^4.0"
            },
            "suggest": {
                "ext-fileinfo": "More accurately detect the file mimetype"
            },
            "type": "library",
            "autoload": {
                "psr-4": {
                    "Slince\\Upload\\": ""
                }
            },
            "notification-url": "https://packagist.org/downloads/",
            "license": [
                "MIT"
            ],
            "authors": [
                {
                    "name": "tao",
                    "email": "taosikai@yeah.net"
                }
            ],
            "description": "Process file uploads with multiple and extensible validation rules",
            "keywords": [
                "file",
                "file upload",
                "upload",
                "validation"
            ],
            "time": "2017-05-05T13:50:42+00:00"
        }
    ],
    "packages-dev": [],
    "aliases": [],
    "minimum-stability": "stable",
    "stability-flags": [],
    "prefer-stable": false,
    "prefer-lowest": false,
    "platform": [],
    "platform-dev": []
}
